
Microsoft Visual Studio Solution File, Format Version 12.00
# Visual Studio Version 17
VisualStudioVersion = 17.0.32112.339
MinimumVisualStudioVersion = 10.0.40219.1
Project("{FAE04EC0-301F-11D3-BF4B-00C04F79EFBC}") = "AutoMockFixture", "AutoMockFixture\AutoMockFixture.csproj", "{0A86D3CC-EB9F-4C3A-9D62-8CEB26E33E72}"
EndProject
Project("{FAE04EC0-301F-11D3-BF4B-00C04F79EFBC}") = "AutoMockFixture.Tests", "AutoMockFixture.Tests\AutoMockFixture.Tests.csproj", "{904BBB37-81DF-43B1-AB1C-DE1A89EF022F}"
EndProject
Project("{FAE04EC0-301F-11D3-BF4B-00C04F79EFBC}") = "AutoMoqSourceGenerator", "AutoMoqSourceGenerator\AutoMoqSourceGenerator\AutoMoqSourceGenerator.csproj", "{FEEC7564-E973-4E73-B88E-DC0D5C09AAAD}"
EndProject
Project("{FAE04EC0-301F-11D3-BF4B-00C04F79EFBC}") = "AutoMoqSourceGenerator.Test", "AutoMoqSourceGenerator\AutoMoqSourceGenerator.Test\AutoMoqSourceGenerator.Test.csproj", "{EDA477AD-B3A9-4394-AAE9-E781B8C5F221}"
EndProject
Global
	GlobalSection(SolutionConfigurationPlatforms) = preSolution
		Debug|Any CPU = Debug|Any CPU
		Release|Any CPU = Release|Any CPU
	EndGlobalSection
	GlobalSection(ProjectConfigurationPlatforms) = postSolution
		{0A86D3CC-EB9F-4C3A-9D62-8CEB26E33E72}.Debug|Any CPU.ActiveCfg = Debug|Any CPU
		{0A86D3CC-EB9F-4C3A-9D62-8CEB26E33E72}.Debug|Any CPU.Build.0 = Debug|Any CPU
		{0A86D3CC-EB9F-4C3A-9D62-8CEB26E33E72}.Release|Any CPU.ActiveCfg = Release|Any CPU
		{0A86D3CC-EB9F-4C3A-9D62-8CEB26E33E72}.Release|Any CPU.Build.0 = Release|Any CPU
		{904BBB37-81DF-43B1-AB1C-DE1A89EF022F}.Debug|Any CPU.ActiveCfg = Debug|Any CPU
		{904BBB37-81DF-43B1-AB1C-DE1A89EF022F}.Debug|Any CPU.Build.0 = Debug|Any CPU
		{904BBB37-81DF-43B1-AB1C-DE1A89EF022F}.Release|Any CPU.ActiveCfg = Release|Any CPU
		{904BBB37-81DF-43B1-AB1C-DE1A89EF022F}.Release|Any CPU.Build.0 = Release|Any CPU
		{FEEC7564-E973-4E73-B88E-DC0D5C09AAAD}.Debug|Any CPU.ActiveCfg = Debug|Any CPU
		{FEEC7564-E973-4E73-B88E-DC0D5C09AAAD}.Debug|Any CPU.Build.0 = Debug|Any CPU
		{FEEC7564-E973-4E73-B88E-DC0D5C09AAAD}.Release|Any CPU.ActiveCfg = Release|Any CPU
		{FEEC7564-E973-4E73-B88E-DC0D5C09AAAD}.Release|Any CPU.Build.0 = Release|Any CPU
		{EDA477AD-B3A9-4394-AAE9-E781B8C5F221}.Debug|Any CPU.ActiveCfg = Debug|Any CPU
		{EDA477AD-B3A9-4394-AAE9-E781B8C5F221}.Debug|Any CPU.Build.0 = Debug|Any CPU
		{EDA477AD-B3A9-4394-AAE9-E781B8C5F221}.Release|Any CPU.ActiveCfg = Release|Any CPU
		{EDA477AD-B3A9-4394-AAE9-E781B8C5F221}.Release|Any CPU.Build.0 = Release|Any CPU
	EndGlobalSection
	GlobalSection(SolutionProperties) = preSolution
		HideSolutionNode = FALSE
	EndGlobalSection
	GlobalSection(ExtensibilityGlobals) = postSolution
		SolutionGuid = {0DF38A59-03B9-453C-A538-1B857004BAC7}
	EndGlobalSection
EndGlobal
