
Microsoft Visual Studio Solution File, Format Version 12.00
# Visual Studio Version 17
VisualStudioVersion = 17.0.32112.339
MinimumVisualStudioVersion = 10.0.40219.1
Project("{9A19103F-16F7-4668-BE54-9A1E7A4F7556}") = "AutoMockFixture", "AutoMockFixture\AutoMockFixture.csproj", "{0A86D3CC-EB9F-4C3A-9D62-8CEB26E33E72}"
EndProject
Project("{9A19103F-16F7-4668-BE54-9A1E7A4F7556}") = "AutoMockFixture.Tests", "AutoMockFixture.Tests\AutoMockFixture.Tests.csproj", "{904BBB37-81DF-43B1-AB1C-DE1A89EF022F}"
EndProject
Project("{9A19103F-16F7-4668-BE54-9A1E7A4F7556}") = "AutoMockFixture.Moq4", "AutoMockFixture.Moq4\AutoMockFixture.Moq4.csproj", "{8A5B65A5-2C26-41E5-9D6E-A4DAC071322C}"
EndProject
Project("{9A19103F-16F7-4668-BE54-9A1E7A4F7556}") = "AutoMockFixture.NUnit3", "AutoMockFixture.NUnit3\AutoMockFixture.NUnit3.csproj", "{D9FF0209-AAE5-4679-93BB-810EC9548B0E}"
EndProject
Project("{9A19103F-16F7-4668-BE54-9A1E7A4F7556}") = "AutoMockFixture.NUnit3.Moq4", "AutoMockFixture.NUnit3.Moq4\AutoMockFixture.NUnit3.Moq4.csproj", "{8357B664-76A0-48D5-A363-FF28DFB65C4A}"
EndProject
Project("{9A19103F-16F7-4668-BE54-9A1E7A4F7556}") = "AutoMockFixture.NUnit3.Moq4.IntegrationTests", "AutoMockFixture.NUnit3.Moq4.IntegrationTests\AutoMockFixture.NUnit3.Moq4.IntegrationTests.csproj", "{BE76726D-E2B3-41D6-BFBD-44BBA03CD834}"
EndProject
Project("{9A19103F-16F7-4668-BE54-9A1E7A4F7556}") = "AutoMockFixture.Moq4.IntegrationTests", "AutoMockFixture.Moq4.IntegrationTests\AutoMockFixture.Moq4.IntegrationTests.csproj", "{FC4AAC03-06EC-4FED-8D30-077A0980E728}"
EndProject
Project("{9A19103F-16F7-4668-BE54-9A1E7A4F7556}") = "AutoMockFixture.Moq4.UnitTests", "AutoMockFixture.Moq4.UnitTests\AutoMockFixture.Moq4.UnitTests.csproj", "{BBF8628D-6E2C-433A-8558-BE87DAAB983C}"
EndProject
Project("{9A19103F-16F7-4668-BE54-9A1E7A4F7556}") = "AutoMockFixture.TestUtils", "AutoMockFixture.TestUtils\AutoMockFixture.TestUtils.csproj", "{05DB9990-B4E0-4E88-9150-8B6E4539539B}"
EndProject
Project("{FAE04EC0-301F-11D3-BF4B-00C04F79EFBC}") = "AutoMockFixture.AnalyzerAndCodeCompletion", "AutoMockFixture.AnalyzerAndCodeCompletion\AutoMockFixture.AnalyzerAndCodeCompletion.csproj", "{D6515DAF-3C56-4D95-BC66-B05F2838ECE8}"
EndProject
Project("{FAE04EC0-301F-11D3-BF4B-00C04F79EFBC}") = "AutoMockFixture.AnalyzerAndCodeCompletion.Test", "AutoMockFixture.AnalyzerAndCodeCompletion.Test\AutoMockFixture.AnalyzerAndCodeCompletion.Test.csproj", "{DEF45917-E4B7-41EB-89B7-A8FBA2F8469F}"
EndProject
Project("{FAE04EC0-301F-11D3-BF4B-00C04F79EFBC}") = "AutoMockFixture.AnalyzerAndCodeCompletion.Vsix", "AutoMockFixture.AnalyzerAndCodeCompletion.Vsix\AutoMockFixture.AnalyzerAndCodeCompletion.Vsix.csproj", "{277FC7F1-BC43-4C3F-85DF-9269207B3F81}"
EndProject
Global
	GlobalSection(SolutionConfigurationPlatforms) = preSolution
		Debug|Any CPU = Debug|Any CPU
		Release|Any CPU = Release|Any CPU
	EndGlobalSection
	GlobalSection(ProjectConfigurationPlatforms) = postSolution
		{0A86D3CC-EB9F-4C3A-9D62-8CEB26E33E72}.Debug|Any CPU.ActiveCfg = Debug|Any CPU
		{0A86D3CC-EB9F-4C3A-9D62-8CEB26E33E72}.Debug|Any CPU.Build.0 = Debug|Any CPU
		{0A86D3CC-EB9F-4C3A-9D62-8CEB26E33E72}.Release|Any CPU.ActiveCfg = Release|Any CPU
		{0A86D3CC-EB9F-4C3A-9D62-8CEB26E33E72}.Release|Any CPU.Build.0 = Release|Any CPU
		{904BBB37-81DF-43B1-AB1C-DE1A89EF022F}.Debug|Any CPU.ActiveCfg = Debug|Any CPU
		{904BBB37-81DF-43B1-AB1C-DE1A89EF022F}.Debug|Any CPU.Build.0 = Debug|Any CPU
		{904BBB37-81DF-43B1-AB1C-DE1A89EF022F}.Release|Any CPU.ActiveCfg = Release|Any CPU
		{904BBB37-81DF-43B1-AB1C-DE1A89EF022F}.Release|Any CPU.Build.0 = Release|Any CPU
		{8A5B65A5-2C26-41E5-9D6E-A4DAC071322C}.Debug|Any CPU.ActiveCfg = Debug|Any CPU
		{8A5B65A5-2C26-41E5-9D6E-A4DAC071322C}.Debug|Any CPU.Build.0 = Debug|Any CPU
		{8A5B65A5-2C26-41E5-9D6E-A4DAC071322C}.Release|Any CPU.ActiveCfg = Release|Any CPU
		{8A5B65A5-2C26-41E5-9D6E-A4DAC071322C}.Release|Any CPU.Build.0 = Release|Any CPU
		{D9FF0209-AAE5-4679-93BB-810EC9548B0E}.Debug|Any CPU.ActiveCfg = Debug|Any CPU
		{D9FF0209-AAE5-4679-93BB-810EC9548B0E}.Debug|Any CPU.Build.0 = Debug|Any CPU
		{D9FF0209-AAE5-4679-93BB-810EC9548B0E}.Release|Any CPU.ActiveCfg = Release|Any CPU
		{D9FF0209-AAE5-4679-93BB-810EC9548B0E}.Release|Any CPU.Build.0 = Release|Any CPU
		{8357B664-76A0-48D5-A363-FF28DFB65C4A}.Debug|Any CPU.ActiveCfg = Debug|Any CPU
		{8357B664-76A0-48D5-A363-FF28DFB65C4A}.Debug|Any CPU.Build.0 = Debug|Any CPU
		{8357B664-76A0-48D5-A363-FF28DFB65C4A}.Release|Any CPU.ActiveCfg = Release|Any CPU
		{8357B664-76A0-48D5-A363-FF28DFB65C4A}.Release|Any CPU.Build.0 = Release|Any CPU
		{BE76726D-E2B3-41D6-BFBD-44BBA03CD834}.Debug|Any CPU.ActiveCfg = Debug|Any CPU
		{BE76726D-E2B3-41D6-BFBD-44BBA03CD834}.Debug|Any CPU.Build.0 = Debug|Any CPU
		{BE76726D-E2B3-41D6-BFBD-44BBA03CD834}.Release|Any CPU.ActiveCfg = Release|Any CPU
		{BE76726D-E2B3-41D6-BFBD-44BBA03CD834}.Release|Any CPU.Build.0 = Release|Any CPU
		{FC4AAC03-06EC-4FED-8D30-077A0980E728}.Debug|Any CPU.ActiveCfg = Debug|Any CPU
		{FC4AAC03-06EC-4FED-8D30-077A0980E728}.Debug|Any CPU.Build.0 = Debug|Any CPU
		{FC4AAC03-06EC-4FED-8D30-077A0980E728}.Release|Any CPU.ActiveCfg = Release|Any CPU
		{FC4AAC03-06EC-4FED-8D30-077A0980E728}.Release|Any CPU.Build.0 = Release|Any CPU
		{BBF8628D-6E2C-433A-8558-BE87DAAB983C}.Debug|Any CPU.ActiveCfg = Debug|Any CPU
		{BBF8628D-6E2C-433A-8558-BE87DAAB983C}.Debug|Any CPU.Build.0 = Debug|Any CPU
		{BBF8628D-6E2C-433A-8558-BE87DAAB983C}.Release|Any CPU.ActiveCfg = Release|Any CPU
		{BBF8628D-6E2C-433A-8558-BE87DAAB983C}.Release|Any CPU.Build.0 = Release|Any CPU
		{05DB9990-B4E0-4E88-9150-8B6E4539539B}.Debug|Any CPU.ActiveCfg = Debug|Any CPU
		{05DB9990-B4E0-4E88-9150-8B6E4539539B}.Debug|Any CPU.Build.0 = Debug|Any CPU
		{05DB9990-B4E0-4E88-9150-8B6E4539539B}.Release|Any CPU.ActiveCfg = Release|Any CPU
		{05DB9990-B4E0-4E88-9150-8B6E4539539B}.Release|Any CPU.Build.0 = Release|Any CPU
		{D6515DAF-3C56-4D95-BC66-B05F2838ECE8}.Debug|Any CPU.ActiveCfg = Debug|Any CPU
		{D6515DAF-3C56-4D95-BC66-B05F2838ECE8}.Debug|Any CPU.Build.0 = Debug|Any CPU
		{D6515DAF-3C56-4D95-BC66-B05F2838ECE8}.Release|Any CPU.ActiveCfg = Release|Any CPU
		{D6515DAF-3C56-4D95-BC66-B05F2838ECE8}.Release|Any CPU.Build.0 = Release|Any CPU
		{DEF45917-E4B7-41EB-89B7-A8FBA2F8469F}.Debug|Any CPU.ActiveCfg = Debug|Any CPU
		{DEF45917-E4B7-41EB-89B7-A8FBA2F8469F}.Debug|Any CPU.Build.0 = Debug|Any CPU
		{DEF45917-E4B7-41EB-89B7-A8FBA2F8469F}.Release|Any CPU.ActiveCfg = Release|Any CPU
		{DEF45917-E4B7-41EB-89B7-A8FBA2F8469F}.Release|Any CPU.Build.0 = Release|Any CPU
		{277FC7F1-BC43-4C3F-85DF-9269207B3F81}.Debug|Any CPU.ActiveCfg = Debug|Any CPU
		{277FC7F1-BC43-4C3F-85DF-9269207B3F81}.Debug|Any CPU.Build.0 = Debug|Any CPU
		{277FC7F1-BC43-4C3F-85DF-9269207B3F81}.Release|Any CPU.ActiveCfg = Release|Any CPU
		{277FC7F1-BC43-4C3F-85DF-9269207B3F81}.Release|Any CPU.Build.0 = Release|Any CPU
	EndGlobalSection
	GlobalSection(SolutionProperties) = preSolution
		HideSolutionNode = FALSE
	EndGlobalSection
	GlobalSection(ExtensibilityGlobals) = postSolution
		SolutionGuid = {0DF38A59-03B9-453C-A538-1B857004BAC7}
	EndGlobalSection
EndGlobal
